{
  "lockfileVersion": 1,
  "configVersion": 1,
  "workspaces": {
    "": {
      "name": "brain",
      "dependencies": {
        "@tanstack/react-router": "^1.131.24",
        "react": "^19.1.1",
        "react-dom": "^19.1.1",
      },
      "devDependencies": {
        "@types/node": "^24.5.2",
        "@types/react": "^19.1.4",
        "@types/react-dom": "^19.1.4",
        "bun-types": "^1.3.5",
        "typescript": "^5.9.2",
      },
    },
  },
  "packages": {
    "@tanstack/history": ["@tanstack/history@1.161.4", "", {}, "sha512-Kp/WSt411ZWYvgXy6uiv5RmhHrz9cAml05AQPrtdAp7eUqvIDbMGPnML25OKbzR3RJ1q4wgENxDTvlGPa9+Mww=="],

    "@tanstack/react-router": ["@tanstack/react-router@1.163.2", "", { "dependencies": { "@tanstack/history": "1.161.4", "@tanstack/react-store": "^0.9.1", "@tanstack/router-core": "1.163.2", "isbot": "^5.1.22", "tiny-invariant": "^1.3.3", "tiny-warning": "^1.0.3" }, "peerDependencies": { "react": ">=18.0.0 || >=19.0.0", "react-dom": ">=18.0.0 || >=19.0.0" } }, "sha512-1LosUlpL2mRMWxUZXmkEg5+Br5P5j9TrLngqRgHVbZoFkjnbcj1x9fQN2OVLrBv9Npw97NRsHeJljnAH/c7oSw=="],

    "@tanstack/react-store": ["@tanstack/react-store@0.9.1", "", { "dependencies": { "@tanstack/store": "0.9.1", "use-sync-external-store": "^1.6.0" }, "peerDependencies": { "react": "^16.8.0 || ^17.0.0 || ^18.0.0 || ^19.0.0", "react-dom": "^16.8.0 || ^17.0.0 || ^18.0.0 || ^19.0.0" } }, "sha512-YzJLnRvy5lIEFTLWBAZmcOjK3+2AepnBv/sr6NZmiqJvq7zTQggyK99Gw8fqYdMdHPQWXjz0epFKJXC+9V2xDA=="],

    "@tanstack/router-core": ["@tanstack/router-core@1.163.2", "", { "dependencies": { "@tanstack/history": "1.161.4", "@tanstack/store": "^0.9.1", "cookie-es": "^2.0.0", "seroval": "^1.4.2", "seroval-plugins": "^1.4.2", "tiny-invariant": "^1.3.3", "tiny-warning": "^1.0.3" } }, "sha512-mD0Pav6kcpS317XSJN+wCZaxLLngDhlwgzPNca56dWCp8YKPEvhhj/Zdl+LdRlJQ2VJ5BOy7FbOV1hErc9Nj5Q=="],

    "@tanstack/store": ["@tanstack/store@0.9.1", "", {}, "sha512-+qcNkOy0N1qSGsP7omVCW0SDrXtaDcycPqBDE726yryiA5eTDFpjBReaYjghVJwNf1pcPMyzIwTGlYjCSQR0Fg=="],

    "@types/node": ["@types/node@24.10.14", "", { "dependencies": { "undici-types": "~7.16.0" } }, "sha512-OowOUbD1lBCOFIPOZ8xnMIhgqA4sCutMiYOmPHL1PTLt5+y1XA+g2+yC9OOyz8p+deMZqPZLxfMjYIfrKsPeFg=="],

    "@types/react": ["@types/react@19.2.14", "", { "dependencies": { "csstype": "^3.2.2" } }, "sha512-ilcTH/UniCkMdtexkoCN0bI7pMcJDvmQFPvuPvmEaYA/NSfFTAgdUSLAoVjaRJm7+6PvcM+q1zYOwS4wTYMF9w=="],

    "@types/react-dom": ["@types/react-dom@19.2.3", "", { "peerDependencies": { "@types/react": "^19.2.0" } }, "sha512-jp2L/eY6fn+KgVVQAOqYItbF0VY/YApe5Mz2F0aykSO8gx31bYCZyvSeYxCHKvzHG5eZjc+zyaS5BrBWya2+kQ=="],

    "bun-types": ["bun-types@1.3.10", "", { "dependencies": { "@types/node": "*" } }, "sha512-tcpfCCl6XWo6nCVnpcVrxQ+9AYN1iqMIzgrSKYMB/fjLtV2eyAVEg7AxQJuCq/26R6HpKWykQXuSOq/21RYcbg=="],

    "cookie-es": ["cookie-es@2.0.0", "", {}, "sha512-RAj4E421UYRgqokKUmotqAwuplYw15qtdXfY+hGzgCJ/MBjCVZcSoHK/kH9kocfjRjcDME7IiDWR/1WX1TM2Pg=="],

    "csstype": ["csstype@3.2.3", "", {}, "sha512-z1HGKcYy2xA8AGQfwrn0PAy+PB7X/GSj3UVJW9qKyn43xWa+gl5nXmU4qqLMRzWVLFC8KusUX8T/0kCiOYpAIQ=="],

    "isbot": ["isbot@5.1.35", "", {}, "sha512-waFfC72ZNfwLLuJ2iLaoVaqcNo+CAaLR7xCpAn0Y5WfGzkNHv7ZN39Vbi1y+kb+Zs46XHOX3tZNExroFUPX+Kg=="],

    "react": ["react@19.2.4", "", {}, "sha512-9nfp2hYpCwOjAN+8TZFGhtWEwgvWHXqESH8qT89AT/lWklpLON22Lc8pEtnpsZz7VmawabSU0gCjnj8aC0euHQ=="],

    "react-dom": ["react-dom@19.2.4", "", { "dependencies": { "scheduler": "^0.27.0" }, "peerDependencies": { "react": "^19.2.4" } }, "sha512-AXJdLo8kgMbimY95O2aKQqsz2iWi9jMgKJhRBAxECE4IFxfcazB2LmzloIoibJI3C12IlY20+KFaLv+71bUJeQ=="],

    "scheduler": ["scheduler@0.27.0", "", {}, "sha512-eNv+WrVbKu1f3vbYJT/xtiF5syA5HPIMtf9IgY/nKg0sWqzAUEvqY/xm7OcZc/qafLx/iO9FgOmeSAp4v5ti/Q=="],

    "seroval": ["seroval@1.5.0", "", {}, "sha512-OE4cvmJ1uSPrKorFIH9/w/Qwuvi/IMcGbv5RKgcJ/zjA/IohDLU6SVaxFN9FwajbP7nsX0dQqMDes1whk3y+yw=="],

    "seroval-plugins": ["seroval-plugins@1.5.0", "", { "peerDependencies": { "seroval": "^1.0" } }, "sha512-EAHqADIQondwRZIdeW2I636zgsODzoBDwb3PT/+7TLDWyw1Dy/Xv7iGUIEXXav7usHDE9HVhOU61irI3EnyyHA=="],

    "tiny-invariant": ["tiny-invariant@1.3.3", "", {}, "sha512-+FbBPE1o9QAYvviau/qC5SE3caw21q3xkvWKBtja5vgqOWIHHJ3ioaq1VPfn/Szqctz2bU/oYeKd9/z5BL+PVg=="],

    "tiny-warning": ["tiny-warning@1.0.3", "", {}, "sha512-lBN9zLN/oAf68o3zNXYrdCt1kP8WsiGW8Oo2ka41b2IM5JL/S1CTyX1rW0mb/zSuJun0ZUrDxx4sqvYS2FWzPA=="],

    "typescript": ["typescript@5.9.3", "", { "bin": { "tsc": "bin/tsc", "tsserver": "bin/tsserver" } }, "sha512-jl1vZzPDinLr9eUt3J/t7V6FgNEw9QjvBPdysz9KfQDD41fQrC2Y4vKQdiaUpFT4bXlb1RHhLpp8wtm6M5TgSw=="],

    "undici-types": ["undici-types@7.16.0", "", {}, "sha512-Zz+aZWSj8LE6zoxD+xrjh4VfkIG8Ya6LvYkZqtUQGJPZjYl53ypCaUwWqo7eI0x66KBGeRo+mlBEkMSeSZ38Nw=="],

    "use-sync-external-store": ["use-sync-external-store@1.6.0", "", { "peerDependencies": { "react": "^16.8.0 || ^17.0.0 || ^18.0.0 || ^19.0.0" } }, "sha512-Pp6GSwGP/NrPIrxVFAIkOQeyw8lFenOHijQWkUTrDvrF4ALqylP2C/KCkeS9dpUM3KvYRQhna5vt7IL95+ZQ9w=="],
  }
}
